
Microsoft Visual Studio Solution File, Format Version 12.00
# Visual Studio Version 16
VisualStudioVersion = 16.0.31402.337
MinimumVisualStudioVersion = 10.0.40219.1
Project("{FAE04EC0-301F-11D3-BF4B-00C04F79EFBC}") = "CHALLENGE_3BADGE", "CHALLENGE_3BADGE\CHALLENGE_3BADGE.csproj", "{20A0B70C-0230-47B8-8CE4-DC7B2C577FC0}"
EndProject
Project("{FAE04EC0-301F-11D3-BF4B-00C04F79EFBC}") = "Repository", "Library\Repository.csproj", "{9DB3E730-C815-4198-B6B8-4BF6AE7B1C0A}"
EndProject
Project("{FAE04EC0-301F-11D3-BF4B-00C04F79EFBC}") = "UnitTest", "UnitTest\UnitTest.csproj", "{B97C7443-FE84-42E3-BC09-DA15066161DD}"
EndProject
Global
	GlobalSection(SolutionConfigurationPlatforms) = preSolution
		Debug|Any CPU = Debug|Any CPU
		Release|Any CPU = Release|Any CPU
	EndGlobalSection
	GlobalSection(ProjectConfigurationPlatforms) = postSolution
		{20A0B70C-0230-47B8-8CE4-DC7B2C577FC0}.Debug|Any CPU.ActiveCfg = Debug|Any CPU
		{20A0B70C-0230-47B8-8CE4-DC7B2C577FC0}.Debug|Any CPU.Build.0 = Debug|Any CPU
		{20A0B70C-0230-47B8-8CE4-DC7B2C577FC0}.Release|Any CPU.ActiveCfg = Release|Any CPU
		{20A0B70C-0230-47B8-8CE4-DC7B2C577FC0}.Release|Any CPU.Build.0 = Release|Any CPU
		{9DB3E730-C815-4198-B6B8-4BF6AE7B1C0A}.Debug|Any CPU.ActiveCfg = Debug|Any CPU
		{9DB3E730-C815-4198-B6B8-4BF6AE7B1C0A}.Debug|Any CPU.Build.0 = Debug|Any CPU
		{9DB3E730-C815-4198-B6B8-4BF6AE7B1C0A}.Release|Any CPU.ActiveCfg = Release|Any CPU
		{9DB3E730-C815-4198-B6B8-4BF6AE7B1C0A}.Release|Any CPU.Build.0 = Release|Any CPU
		{B97C7443-FE84-42E3-BC09-DA15066161DD}.Debug|Any CPU.ActiveCfg = Debug|Any CPU
		{B97C7443-FE84-42E3-BC09-DA15066161DD}.Debug|Any CPU.Build.0 = Debug|Any CPU
		{B97C7443-FE84-42E3-BC09-DA15066161DD}.Release|Any CPU.ActiveCfg = Release|Any CPU
		{B97C7443-FE84-42E3-BC09-DA15066161DD}.Release|Any CPU.Build.0 = Release|Any CPU
	EndGlobalSection
	GlobalSection(SolutionProperties) = preSolution
		HideSolutionNode = FALSE
	EndGlobalSection
	GlobalSection(ExtensibilityGlobals) = postSolution
		SolutionGuid = {E7277766-04BA-4027-ACBA-B142F2540900}
	EndGlobalSection
EndGlobal
